
Microsoft Visual Studio Solution File, Format Version 10.00
# Visual Studio 2008
Project("{FAE04EC0-301F-11D3-BF4B-00C04F79EFBC}") = "UnitTestLibrary", "UnitTestLibrary\UnitTestLibrary.csproj", "{C969DA2B-1052-433A-BC9C-E9ABC1DC0517}"
	ProjectSection(ProjectDependencies) = postProject
		{BA202214-F6F8-4853-BCC9-CA4F13C5F479} = {BA202214-F6F8-4853-BCC9-CA4F13C5F479}
		{338528D9-252F-4C56-A7C4-F69EEED869EE} = {338528D9-252F-4C56-A7C4-F69EEED869EE}
	EndProjectSection
EndProject
Project("{FAE04EC0-301F-11D3-BF4B-00C04F79EFBC}") = "FreneticGame", "FreneticGame\FreneticGame.csproj", "{338528D9-252F-4C56-A7C4-F69EEED869EE}"
EndProject
Project("{FAE04EC0-301F-11D3-BF4B-00C04F79EFBC}") = "Lidgren.Network", "Dependencies\Lidgren\Lidgren.Network\Lidgren.Network.csproj", "{BA202214-F6F8-4853-BCC9-CA4F13C5F479}"
EndProject
Project("{FAE04EC0-301F-11D3-BF4B-00C04F79EFBC}") = "FarseerPhysics", "Dependencies\FarseerPhysics\FarseerPhysics.csproj", "{95B40504-C1C2-4FCD-98B3-B63AD35D6336}"
EndProject
Project("{FAE04EC0-301F-11D3-BF4B-00C04F79EFBC}") = "ProjectMercury.Editor", "Dependencies\ProjectMercury\ProjectMercury.Editor\ProjectMercury.Editor.csproj", "{2DD04EAC-929E-4D41-83DA-0B5FA3811B32}"
EndProject
Project("{FAE04EC0-301F-11D3-BF4B-00C04F79EFBC}") = "ProjectMercury.Design", "Dependencies\ProjectMercury\ProjectMercury.Design\ProjectMercury.Design.csproj", "{87B7CA30-F7DE-41EE-BA60-4337DFEE1735}"
EndProject
Project("{FAE04EC0-301F-11D3-BF4B-00C04F79EFBC}") = "ProjectMercury.Windows", "Dependencies\ProjectMercury\ProjectMercury.Windows\ProjectMercury.Windows.csproj", "{1E3FDDBD-A15F-42CF-A83E-754476079B30}"
EndProject
Project("{2150E333-8FDC-42A3-9474-1A3956D46DE8}") = "Dependencies", "Dependencies", "{1E2EEEF5-F1E1-4481-BDDE-D61996768B87}"
EndProject
Project("{FAE04EC0-301F-11D3-BF4B-00C04F79EFBC}") = "ProjectMercury.ContentPipeline", "Dependencies\ProjectMercury\ProjectMercury.ContentPipeline\ProjectMercury.ContentPipeline.csproj", "{639AD71D-71A9-41A2-BBFF-AED645948999}"
EndProject
Project("{FAE04EC0-301F-11D3-BF4B-00C04F79EFBC}") = "Lidgren.Network.Xna", "Dependencies\Lidgren\Lidgren.Network.Xna\Lidgren.Network.Xna\Lidgren.Network.Xna.csproj", "{5B759C4B-0780-44F6-8E95-EAAA0E17B278}"
EndProject
Global
	GlobalSection(SolutionConfigurationPlatforms) = preSolution
		Debug|Any CPU = Debug|Any CPU
		Debug|Mixed Platforms = Debug|Mixed Platforms
		Debug|x86 = Debug|x86
		Debug|Xbox 360 = Debug|Xbox 360
		Debug|Zune = Debug|Zune
		Release|Any CPU = Release|Any CPU
		Release|Mixed Platforms = Release|Mixed Platforms
		Release|x86 = Release|x86
		Release|Xbox 360 = Release|Xbox 360
		Release|Zune = Release|Zune
		ReleaseWithStatistics|Any CPU = ReleaseWithStatistics|Any CPU
		ReleaseWithStatistics|Mixed Platforms = ReleaseWithStatistics|Mixed Platforms
		ReleaseWithStatistics|x86 = ReleaseWithStatistics|x86
		ReleaseWithStatistics|Xbox 360 = ReleaseWithStatistics|Xbox 360
		ReleaseWithStatistics|Zune = ReleaseWithStatistics|Zune
	EndGlobalSection
	GlobalSection(ProjectConfigurationPlatforms) = postSolution
		{C969DA2B-1052-433A-BC9C-E9ABC1DC0517}.Debug|Any CPU.ActiveCfg = Debug|Any CPU
		{C969DA2B-1052-433A-BC9C-E9ABC1DC0517}.Debug|Any CPU.Build.0 = Debug|Any CPU
		{C969DA2B-1052-433A-BC9C-E9ABC1DC0517}.Debug|Mixed Platforms.ActiveCfg = Debug|Any CPU
		{C969DA2B-1052-433A-BC9C-E9ABC1DC0517}.Debug|Mixed Platforms.Build.0 = Debug|Any CPU
		{C969DA2B-1052-433A-BC9C-E9ABC1DC0517}.Debug|x86.ActiveCfg = Debug|Any CPU
		{C969DA2B-1052-433A-BC9C-E9ABC1DC0517}.Debug|x86.Build.0 = Debug|Any CPU
		{C969DA2B-1052-433A-BC9C-E9ABC1DC0517}.Debug|Xbox 360.ActiveCfg = Debug|Any CPU
		{C969DA2B-1052-433A-BC9C-E9ABC1DC0517}.Debug|Zune.ActiveCfg = Debug|Any CPU
		{C969DA2B-1052-433A-BC9C-E9ABC1DC0517}.Release|Any CPU.ActiveCfg = Release|Any CPU
		{C969DA2B-1052-433A-BC9C-E9ABC1DC0517}.Release|Any CPU.Build.0 = Release|Any CPU
		{C969DA2B-1052-433A-BC9C-E9ABC1DC0517}.Release|Mixed Platforms.ActiveCfg = Release|Any CPU
		{C969DA2B-1052-433A-BC9C-E9ABC1DC0517}.Release|Mixed Platforms.Build.0 = Release|Any CPU
		{C969DA2B-1052-433A-BC9C-E9ABC1DC0517}.Release|x86.ActiveCfg = Release|Any CPU
		{C969DA2B-1052-433A-BC9C-E9ABC1DC0517}.Release|Xbox 360.ActiveCfg = Release|Any CPU
		{C969DA2B-1052-433A-BC9C-E9ABC1DC0517}.Release|Zune.ActiveCfg = Release|Any CPU
		{C969DA2B-1052-433A-BC9C-E9ABC1DC0517}.ReleaseWithStatistics|Any CPU.ActiveCfg = Release|Any CPU
		{C969DA2B-1052-433A-BC9C-E9ABC1DC0517}.ReleaseWithStatistics|Any CPU.Build.0 = Release|Any CPU
		{C969DA2B-1052-433A-BC9C-E9ABC1DC0517}.ReleaseWithStatistics|Mixed Platforms.ActiveCfg = Release|Any CPU
		{C969DA2B-1052-433A-BC9C-E9ABC1DC0517}.ReleaseWithStatistics|Mixed Platforms.Build.0 = Release|Any CPU
		{C969DA2B-1052-433A-BC9C-E9ABC1DC0517}.ReleaseWithStatistics|x86.ActiveCfg = Release|Any CPU
		{C969DA2B-1052-433A-BC9C-E9ABC1DC0517}.ReleaseWithStatistics|Xbox 360.ActiveCfg = Release|Any CPU
		{C969DA2B-1052-433A-BC9C-E9ABC1DC0517}.ReleaseWithStatistics|Zune.ActiveCfg = Release|Any CPU
		{338528D9-252F-4C56-A7C4-F69EEED869EE}.Debug|Any CPU.ActiveCfg = Debug|x86
		{338528D9-252F-4C56-A7C4-F69EEED869EE}.Debug|Mixed Platforms.ActiveCfg = Debug|x86
		{338528D9-252F-4C56-A7C4-F69EEED869EE}.Debug|Mixed Platforms.Build.0 = Debug|x86
		{338528D9-252F-4C56-A7C4-F69EEED869EE}.Debug|x86.ActiveCfg = Debug|x86
		{338528D9-252F-4C56-A7C4-F69EEED869EE}.Debug|x86.Build.0 = Debug|x86
		{338528D9-252F-4C56-A7C4-F69EEED869EE}.Debug|Xbox 360.ActiveCfg = Debug|x86
		{338528D9-252F-4C56-A7C4-F69EEED869EE}.Debug|Zune.ActiveCfg = Debug|x86
		{338528D9-252F-4C56-A7C4-F69EEED869EE}.Release|Any CPU.ActiveCfg = Release|x86
		{338528D9-252F-4C56-A7C4-F69EEED869EE}.Release|Mixed Platforms.ActiveCfg = Release|x86
		{338528D9-252F-4C56-A7C4-F69EEED869EE}.Release|Mixed Platforms.Build.0 = Release|x86
		{338528D9-252F-4C56-A7C4-F69EEED869EE}.Release|x86.ActiveCfg = Release|x86
		{338528D9-252F-4C56-A7C4-F69EEED869EE}.Release|x86.Build.0 = Release|x86
		{338528D9-252F-4C56-A7C4-F69EEED869EE}.Release|Xbox 360.ActiveCfg = Release|x86
		{338528D9-252F-4C56-A7C4-F69EEED869EE}.Release|Zune.ActiveCfg = Release|x86
		{338528D9-252F-4C56-A7C4-F69EEED869EE}.ReleaseWithStatistics|Any CPU.ActiveCfg = Release|x86
		{338528D9-252F-4C56-A7C4-F69EEED869EE}.ReleaseWithStatistics|Mixed Platforms.ActiveCfg = Release|x86
		{338528D9-252F-4C56-A7C4-F69EEED869EE}.ReleaseWithStatistics|Mixed Platforms.Build.0 = Release|x86
		{338528D9-252F-4C56-A7C4-F69EEED869EE}.ReleaseWithStatistics|x86.ActiveCfg = Release|x86
		{338528D9-252F-4C56-A7C4-F69EEED869EE}.ReleaseWithStatistics|x86.Build.0 = Release|x86
		{338528D9-252F-4C56-A7C4-F69EEED869EE}.ReleaseWithStatistics|Xbox 360.ActiveCfg = Release|x86
		{338528D9-252F-4C56-A7C4-F69EEED869EE}.ReleaseWithStatistics|Zune.ActiveCfg = Release|x86
		{BA202214-F6F8-4853-BCC9-CA4F13C5F479}.Debug|Any CPU.ActiveCfg = Debug|Any CPU
		{BA202214-F6F8-4853-BCC9-CA4F13C5F479}.Debug|Any CPU.Build.0 = Debug|Any CPU
		{BA202214-F6F8-4853-BCC9-CA4F13C5F479}.Debug|Mixed Platforms.ActiveCfg = Debug|Any CPU
		{BA202214-F6F8-4853-BCC9-CA4F13C5F479}.Debug|Mixed Platforms.Build.0 = Debug|Any CPU
		{BA202214-F6F8-4853-BCC9-CA4F13C5F479}.Debug|x86.ActiveCfg = Debug|Any CPU
		{BA202214-F6F8-4853-BCC9-CA4F13C5F479}.Debug|Xbox 360.ActiveCfg = Debug|Any CPU
		{BA202214-F6F8-4853-BCC9-CA4F13C5F479}.Debug|Zune.ActiveCfg = Debug|Any CPU
		{BA202214-F6F8-4853-BCC9-CA4F13C5F479}.Release|Any CPU.ActiveCfg = Release|Any CPU
		{BA202214-F6F8-4853-BCC9-CA4F13C5F479}.Release|Any CPU.Build.0 = Release|Any CPU
		{BA202214-F6F8-4853-BCC9-CA4F13C5F479}.Release|Mixed Platforms.ActiveCfg = Release|Any CPU
		{BA202214-F6F8-4853-BCC9-CA4F13C5F479}.Release|Mixed Platforms.Build.0 = Release|Any CPU
		{BA202214-F6F8-4853-BCC9-CA4F13C5F479}.Release|x86.ActiveCfg = Release|Any CPU
		{BA202214-F6F8-4853-BCC9-CA4F13C5F479}.Release|Xbox 360.ActiveCfg = Release|Any CPU
		{BA202214-F6F8-4853-BCC9-CA4F13C5F479}.Release|Zune.ActiveCfg = Release|Any CPU
		{BA202214-F6F8-4853-BCC9-CA4F13C5F479}.ReleaseWithStatistics|Any CPU.ActiveCfg = ReleaseWithStatistics|Any CPU
		{BA202214-F6F8-4853-BCC9-CA4F13C5F479}.ReleaseWithStatistics|Any CPU.Build.0 = ReleaseWithStatistics|Any CPU
		{BA202214-F6F8-4853-BCC9-CA4F13C5F479}.ReleaseWithStatistics|Mixed Platforms.ActiveCfg = ReleaseWithStatistics|Any CPU
		{BA202214-F6F8-4853-BCC9-CA4F13C5F479}.ReleaseWithStatistics|Mixed Platforms.Build.0 = ReleaseWithStatistics|Any CPU
		{BA202214-F6F8-4853-BCC9-CA4F13C5F479}.ReleaseWithStatistics|x86.ActiveCfg = ReleaseWithStatistics|Any CPU
		{BA202214-F6F8-4853-BCC9-CA4F13C5F479}.ReleaseWithStatistics|Xbox 360.ActiveCfg = ReleaseWithStatistics|Any CPU
		{BA202214-F6F8-4853-BCC9-CA4F13C5F479}.ReleaseWithStatistics|Zune.ActiveCfg = ReleaseWithStatistics|Any CPU
		{95B40504-C1C2-4FCD-98B3-B63AD35D6336}.Debug|Any CPU.ActiveCfg = Debug|Any CPU
		{95B40504-C1C2-4FCD-98B3-B63AD35D6336}.Debug|Any CPU.Build.0 = Debug|Any CPU
		{95B40504-C1C2-4FCD-98B3-B63AD35D6336}.Debug|Mixed Platforms.ActiveCfg = Debug|x86
		{95B40504-C1C2-4FCD-98B3-B63AD35D6336}.Debug|Mixed Platforms.Build.0 = Debug|x86
		{95B40504-C1C2-4FCD-98B3-B63AD35D6336}.Debug|x86.ActiveCfg = Debug|x86
		{95B40504-C1C2-4FCD-98B3-B63AD35D6336}.Debug|x86.Build.0 = Debug|x86
		{95B40504-C1C2-4FCD-98B3-B63AD35D6336}.Debug|Xbox 360.ActiveCfg = Debug|x86
		{95B40504-C1C2-4FCD-98B3-B63AD35D6336}.Debug|Zune.ActiveCfg = Debug|x86
		{95B40504-C1C2-4FCD-98B3-B63AD35D6336}.Release|Any CPU.ActiveCfg = Release|Any CPU
		{95B40504-C1C2-4FCD-98B3-B63AD35D6336}.Release|Any CPU.Build.0 = Release|Any CPU
		{95B40504-C1C2-4FCD-98B3-B63AD35D6336}.Release|Mixed Platforms.ActiveCfg = Release|x86
		{95B40504-C1C2-4FCD-98B3-B63AD35D6336}.Release|Mixed Platforms.Build.0 = Release|x86
		{95B40504-C1C2-4FCD-98B3-B63AD35D6336}.Release|x86.ActiveCfg = Release|x86
		{95B40504-C1C2-4FCD-98B3-B63AD35D6336}.Release|x86.Build.0 = Release|x86
		{95B40504-C1C2-4FCD-98B3-B63AD35D6336}.Release|Xbox 360.ActiveCfg = Release|x86
		{95B40504-C1C2-4FCD-98B3-B63AD35D6336}.Release|Zune.ActiveCfg = Release|x86
		{95B40504-C1C2-4FCD-98B3-B63AD35D6336}.ReleaseWithStatistics|Any CPU.ActiveCfg = Release|x86
		{95B40504-C1C2-4FCD-98B3-B63AD35D6336}.ReleaseWithStatistics|Mixed Platforms.ActiveCfg = Release|x86
		{95B40504-C1C2-4FCD-98B3-B63AD35D6336}.ReleaseWithStatistics|Mixed Platforms.Build.0 = Release|x86
		{95B40504-C1C2-4FCD-98B3-B63AD35D6336}.ReleaseWithStatistics|x86.ActiveCfg = Release|x86
		{95B40504-C1C2-4FCD-98B3-B63AD35D6336}.ReleaseWithStatistics|x86.Build.0 = Release|x86
		{95B40504-C1C2-4FCD-98B3-B63AD35D6336}.ReleaseWithStatistics|Xbox 360.ActiveCfg = Release|x86
		{95B40504-C1C2-4FCD-98B3-B63AD35D6336}.ReleaseWithStatistics|Zune.ActiveCfg = Release|x86
		{2DD04EAC-929E-4D41-83DA-0B5FA3811B32}.Debug|Any CPU.ActiveCfg = Debug|x86
		{2DD04EAC-929E-4D41-83DA-0B5FA3811B32}.Debug|Mixed Platforms.ActiveCfg = Debug|x86
		{2DD04EAC-929E-4D41-83DA-0B5FA3811B32}.Debug|Mixed Platforms.Build.0 = Debug|x86
		{2DD04EAC-929E-4D41-83DA-0B5FA3811B32}.Debug|x86.ActiveCfg = Debug|x86
		{2DD04EAC-929E-4D41-83DA-0B5FA3811B32}.Debug|x86.Build.0 = Debug|x86
		{2DD04EAC-929E-4D41-83DA-0B5FA3811B32}.Debug|Xbox 360.ActiveCfg = Debug|x86
		{2DD04EAC-929E-4D41-83DA-0B5FA3811B32}.Debug|Zune.ActiveCfg = Debug|x86
		{2DD04EAC-929E-4D41-83DA-0B5FA3811B32}.Release|Any CPU.ActiveCfg = Release|x86
		{2DD04EAC-929E-4D41-83DA-0B5FA3811B32}.Release|Mixed Platforms.ActiveCfg = Release|x86
		{2DD04EAC-929E-4D41-83DA-0B5FA3811B32}.Release|Mixed Platforms.Build.0 = Release|x86
		{2DD04EAC-929E-4D41-83DA-0B5FA3811B32}.Release|x86.ActiveCfg = Release|x86
		{2DD04EAC-929E-4D41-83DA-0B5FA3811B32}.Release|x86.Build.0 = Release|x86
		{2DD04EAC-929E-4D41-83DA-0B5FA3811B32}.Release|Xbox 360.ActiveCfg = Release|x86
		{2DD04EAC-929E-4D41-83DA-0B5FA3811B32}.Release|Zune.ActiveCfg = Release|x86
		{2DD04EAC-929E-4D41-83DA-0B5FA3811B32}.ReleaseWithStatistics|Any CPU.ActiveCfg = Release|x86
		{2DD04EAC-929E-4D41-83DA-0B5FA3811B32}.ReleaseWithStatistics|Mixed Platforms.ActiveCfg = Release|x86
		{2DD04EAC-929E-4D41-83DA-0B5FA3811B32}.ReleaseWithStatistics|Mixed Platforms.Build.0 = Release|x86
		{2DD04EAC-929E-4D41-83DA-0B5FA3811B32}.ReleaseWithStatistics|x86.ActiveCfg = Release|x86
		{2DD04EAC-929E-4D41-83DA-0B5FA3811B32}.ReleaseWithStatistics|x86.Build.0 = Release|x86
		{2DD04EAC-929E-4D41-83DA-0B5FA3811B32}.ReleaseWithStatistics|Xbox 360.ActiveCfg = Release|x86
		{2DD04EAC-929E-4D41-83DA-0B5FA3811B32}.ReleaseWithStatistics|Zune.ActiveCfg = Release|x86
		{87B7CA30-F7DE-41EE-BA60-4337DFEE1735}.Debug|Any CPU.ActiveCfg = Debug|x86
		{87B7CA30-F7DE-41EE-BA60-4337DFEE1735}.Debug|Mixed Platforms.ActiveCfg = Debug|x86
		{87B7CA30-F7DE-41EE-BA60-4337DFEE1735}.Debug|Mixed Platforms.Build.0 = Debug|x86
		{87B7CA30-F7DE-41EE-BA60-4337DFEE1735}.Debug|x86.ActiveCfg = Debug|x86
		{87B7CA30-F7DE-41EE-BA60-4337DFEE1735}.Debug|x86.Build.0 = Debug|x86
		{87B7CA30-F7DE-41EE-BA60-4337DFEE1735}.Debug|Xbox 360.ActiveCfg = Debug|x86
		{87B7CA30-F7DE-41EE-BA60-4337DFEE1735}.Debug|Zune.ActiveCfg = Debug|x86
		{87B7CA30-F7DE-41EE-BA60-4337DFEE1735}.Release|Any CPU.ActiveCfg = Release|x86
		{87B7CA30-F7DE-41EE-BA60-4337DFEE1735}.Release|Mixed Platforms.ActiveCfg = Release|x86
		{87B7CA30-F7DE-41EE-BA60-4337DFEE1735}.Release|Mixed Platforms.Build.0 = Release|x86
		{87B7CA30-F7DE-41EE-BA60-4337DFEE1735}.Release|x86.ActiveCfg = Release|x86
		{87B7CA30-F7DE-41EE-BA60-4337DFEE1735}.Release|x86.Build.0 = Release|x86
		{87B7CA30-F7DE-41EE-BA60-4337DFEE1735}.Release|Xbox 360.ActiveCfg = Release|x86
		{87B7CA30-F7DE-41EE-BA60-4337DFEE1735}.Release|Zune.ActiveCfg = Release|x86
		{87B7CA30-F7DE-41EE-BA60-4337DFEE1735}.ReleaseWithStatistics|Any CPU.ActiveCfg = Release|x86
		{87B7CA30-F7DE-41EE-BA60-4337DFEE1735}.ReleaseWithStatistics|Mixed Platforms.ActiveCfg = Release|x86
		{87B7CA30-F7DE-41EE-BA60-4337DFEE1735}.ReleaseWithStatistics|Mixed Platforms.Build.0 = Release|x86
		{87B7CA30-F7DE-41EE-BA60-4337DFEE1735}.ReleaseWithStatistics|x86.ActiveCfg = Release|x86
		{87B7CA30-F7DE-41EE-BA60-4337DFEE1735}.ReleaseWithStatistics|x86.Build.0 = Release|x86
		{87B7CA30-F7DE-41EE-BA60-4337DFEE1735}.ReleaseWithStatistics|Xbox 360.ActiveCfg = Release|x86
		{87B7CA30-F7DE-41EE-BA60-4337DFEE1735}.ReleaseWithStatistics|Zune.ActiveCfg = Release|x86
		{1E3FDDBD-A15F-42CF-A83E-754476079B30}.Debug|Any CPU.ActiveCfg = Debug|x86
		{1E3FDDBD-A15F-42CF-A83E-754476079B30}.Debug|Mixed Platforms.ActiveCfg = Debug|x86
		{1E3FDDBD-A15F-42CF-A83E-754476079B30}.Debug|Mixed Platforms.Build.0 = Debug|x86
		{1E3FDDBD-A15F-42CF-A83E-754476079B30}.Debug|x86.ActiveCfg = Debug|x86
		{1E3FDDBD-A15F-42CF-A83E-754476079B30}.Debug|x86.Build.0 = Debug|x86
		{1E3FDDBD-A15F-42CF-A83E-754476079B30}.Debug|Xbox 360.ActiveCfg = Debug|x86
		{1E3FDDBD-A15F-42CF-A83E-754476079B30}.Debug|Zune.ActiveCfg = Debug|x86
		{1E3FDDBD-A15F-42CF-A83E-754476079B30}.Release|Any CPU.ActiveCfg = Release|x86
		{1E3FDDBD-A15F-42CF-A83E-754476079B30}.Release|Mixed Platforms.ActiveCfg = Release|x86
		{1E3FDDBD-A15F-42CF-A83E-754476079B30}.Release|Mixed Platforms.Build.0 = Release|x86
		{1E3FDDBD-A15F-42CF-A83E-754476079B30}.Release|x86.ActiveCfg = Release|x86
		{1E3FDDBD-A15F-42CF-A83E-754476079B30}.Release|x86.Build.0 = Release|x86
		{1E3FDDBD-A15F-42CF-A83E-754476079B30}.Release|Xbox 360.ActiveCfg = Release|x86
		{1E3FDDBD-A15F-42CF-A83E-754476079B30}.Release|Zune.ActiveCfg = Release|x86
		{1E3FDDBD-A15F-42CF-A83E-754476079B30}.ReleaseWithStatistics|Any CPU.ActiveCfg = Release|x86
		{1E3FDDBD-A15F-42CF-A83E-754476079B30}.ReleaseWithStatistics|Mixed Platforms.ActiveCfg = Release|x86
		{1E3FDDBD-A15F-42CF-A83E-754476079B30}.ReleaseWithStatistics|Mixed Platforms.Build.0 = Release|x86
		{1E3FDDBD-A15F-42CF-A83E-754476079B30}.ReleaseWithStatistics|x86.ActiveCfg = Release|x86
		{1E3FDDBD-A15F-42CF-A83E-754476079B30}.ReleaseWithStatistics|x86.Build.0 = Release|x86
		{1E3FDDBD-A15F-42CF-A83E-754476079B30}.ReleaseWithStatistics|Xbox 360.ActiveCfg = Release|x86
		{1E3FDDBD-A15F-42CF-A83E-754476079B30}.ReleaseWithStatistics|Zune.ActiveCfg = Release|x86
		{639AD71D-71A9-41A2-BBFF-AED645948999}.Debug|Any CPU.ActiveCfg = Debug|Zune
		{639AD71D-71A9-41A2-BBFF-AED645948999}.Debug|Mixed Platforms.ActiveCfg = Debug|Zune
		{639AD71D-71A9-41A2-BBFF-AED645948999}.Debug|Mixed Platforms.Build.0 = Debug|Zune
		{639AD71D-71A9-41A2-BBFF-AED645948999}.Debug|x86.ActiveCfg = Debug|x86
		{639AD71D-71A9-41A2-BBFF-AED645948999}.Debug|x86.Build.0 = Debug|x86
		{639AD71D-71A9-41A2-BBFF-AED645948999}.Debug|Xbox 360.ActiveCfg = Debug|Xbox 360
		{639AD71D-71A9-41A2-BBFF-AED645948999}.Debug|Xbox 360.Build.0 = Debug|Xbox 360
		{639AD71D-71A9-41A2-BBFF-AED645948999}.Debug|Zune.ActiveCfg = Debug|Zune
		{639AD71D-71A9-41A2-BBFF-AED645948999}.Debug|Zune.Build.0 = Debug|Zune
		{639AD71D-71A9-41A2-BBFF-AED645948999}.Release|Any CPU.ActiveCfg = Release|Zune
		{639AD71D-71A9-41A2-BBFF-AED645948999}.Release|Mixed Platforms.ActiveCfg = Release|Zune
		{639AD71D-71A9-41A2-BBFF-AED645948999}.Release|Mixed Platforms.Build.0 = Release|Zune
		{639AD71D-71A9-41A2-BBFF-AED645948999}.Release|x86.ActiveCfg = Release|x86
		{639AD71D-71A9-41A2-BBFF-AED645948999}.Release|x86.Build.0 = Release|x86
		{639AD71D-71A9-41A2-BBFF-AED645948999}.Release|Xbox 360.ActiveCfg = Release|Xbox 360
		{639AD71D-71A9-41A2-BBFF-AED645948999}.Release|Xbox 360.Build.0 = Release|Xbox 360
		{639AD71D-71A9-41A2-BBFF-AED645948999}.Release|Zune.ActiveCfg = Release|Zune
		{639AD71D-71A9-41A2-BBFF-AED645948999}.Release|Zune.Build.0 = Release|Zune
		{639AD71D-71A9-41A2-BBFF-AED645948999}.ReleaseWithStatistics|Any CPU.ActiveCfg = Release|Zune
		{639AD71D-71A9-41A2-BBFF-AED645948999}.ReleaseWithStatistics|Mixed Platforms.ActiveCfg = Release|Zune
		{639AD71D-71A9-41A2-BBFF-AED645948999}.ReleaseWithStatistics|Mixed Platforms.Build.0 = Release|Zune
		{639AD71D-71A9-41A2-BBFF-AED645948999}.ReleaseWithStatistics|x86.ActiveCfg = Release|Zune
		{639AD71D-71A9-41A2-BBFF-AED645948999}.ReleaseWithStatistics|Xbox 360.ActiveCfg = Release|Zune
		{639AD71D-71A9-41A2-BBFF-AED645948999}.ReleaseWithStatistics|Zune.ActiveCfg = Release|Zune
		{639AD71D-71A9-41A2-BBFF-AED645948999}.ReleaseWithStatistics|Zune.Build.0 = Release|Zune
		{5B759C4B-0780-44F6-8E95-EAAA0E17B278}.Debug|Any CPU.ActiveCfg = Debug|Any CPU
		{5B759C4B-0780-44F6-8E95-EAAA0E17B278}.Debug|Any CPU.Build.0 = Debug|Any CPU
		{5B759C4B-0780-44F6-8E95-EAAA0E17B278}.Debug|Mixed Platforms.ActiveCfg = Debug|Any CPU
		{5B759C4B-0780-44F6-8E95-EAAA0E17B278}.Debug|Mixed Platforms.Build.0 = Debug|Any CPU
		{5B759C4B-0780-44F6-8E95-EAAA0E17B278}.Debug|x86.ActiveCfg = Debug|Any CPU
		{5B759C4B-0780-44F6-8E95-EAAA0E17B278}.Debug|Xbox 360.ActiveCfg = Debug|Any CPU
		{5B759C4B-0780-44F6-8E95-EAAA0E17B278}.Debug|Zune.ActiveCfg = Debug|Any CPU
		{5B759C4B-0780-44F6-8E95-EAAA0E17B278}.Release|Any CPU.ActiveCfg = Release|Any CPU
		{5B759C4B-0780-44F6-8E95-EAAA0E17B278}.Release|Any CPU.Build.0 = Release|Any CPU
		{5B759C4B-0780-44F6-8E95-EAAA0E17B278}.Release|Mixed Platforms.ActiveCfg = Release|Any CPU
		{5B759C4B-0780-44F6-8E95-EAAA0E17B278}.Release|Mixed Platforms.Build.0 = Release|Any CPU
		{5B759C4B-0780-44F6-8E95-EAAA0E17B278}.Release|x86.ActiveCfg = Release|Any CPU
		{5B759C4B-0780-44F6-8E95-EAAA0E17B278}.Release|Xbox 360.ActiveCfg = Release|Any CPU
		{5B759C4B-0780-44F6-8E95-EAAA0E17B278}.Release|Zune.ActiveCfg = Release|Any CPU
		{5B759C4B-0780-44F6-8E95-EAAA0E17B278}.ReleaseWithStatistics|Any CPU.ActiveCfg = Release|Any CPU
		{5B759C4B-0780-44F6-8E95-EAAA0E17B278}.ReleaseWithStatistics|Any CPU.Build.0 = Release|Any CPU
		{5B759C4B-0780-44F6-8E95-EAAA0E17B278}.ReleaseWithStatistics|Mixed Platforms.ActiveCfg = Release|Any CPU
		{5B759C4B-0780-44F6-8E95-EAAA0E17B278}.ReleaseWithStatistics|Mixed Platforms.Build.0 = Release|Any CPU
		{5B759C4B-0780-44F6-8E95-EAAA0E17B278}.ReleaseWithStatistics|x86.ActiveCfg = Release|Any CPU
		{5B759C4B-0780-44F6-8E95-EAAA0E17B278}.ReleaseWithStatistics|Xbox 360.ActiveCfg = Release|Any CPU
		{5B759C4B-0780-44F6-8E95-EAAA0E17B278}.ReleaseWithStatistics|Zune.ActiveCfg = Release|Any CPU
		{3084BD35-EE33-43AE-BB59-C0BB335AC73A}.Debug|Any CPU.ActiveCfg = Debug|x86
		{3084BD35-EE33-43AE-BB59-C0BB335AC73A}.Debug|Mixed Platforms.ActiveCfg = Debug|x86
		{3084BD35-EE33-43AE-BB59-C0BB335AC73A}.Debug|x86.ActiveCfg = Debug|x86
		{3084BD35-EE33-43AE-BB59-C0BB335AC73A}.Debug|Xbox 360.ActiveCfg = Debug|x86
		{3084BD35-EE33-43AE-BB59-C0BB335AC73A}.Debug|Zune.ActiveCfg = Debug|x86
		{3084BD35-EE33-43AE-BB59-C0BB335AC73A}.Release|Any CPU.ActiveCfg = Release|x86
		{3084BD35-EE33-43AE-BB59-C0BB335AC73A}.Release|Mixed Platforms.ActiveCfg = Release|x86
		{3084BD35-EE33-43AE-BB59-C0BB335AC73A}.Release|x86.ActiveCfg = Release|x86
		{3084BD35-EE33-43AE-BB59-C0BB335AC73A}.Release|Xbox 360.ActiveCfg = Release|x86
		{3084BD35-EE33-43AE-BB59-C0BB335AC73A}.Release|Zune.ActiveCfg = Release|x86
		{3084BD35-EE33-43AE-BB59-C0BB335AC73A}.ReleaseWithStatistics|Any CPU.ActiveCfg = Release|x86
		{3084BD35-EE33-43AE-BB59-C0BB335AC73A}.ReleaseWithStatistics|Mixed Platforms.ActiveCfg = Release|x86
		{3084BD35-EE33-43AE-BB59-C0BB335AC73A}.ReleaseWithStatistics|x86.ActiveCfg = Release|x86
		{3084BD35-EE33-43AE-BB59-C0BB335AC73A}.ReleaseWithStatistics|Xbox 360.ActiveCfg = Release|x86
		{3084BD35-EE33-43AE-BB59-C0BB335AC73A}.ReleaseWithStatistics|Zune.ActiveCfg = Release|x86
		{5438014F-5389-462A-88A1-E84923A79DA2}.Debug|Any CPU.ActiveCfg = Debug|x86
		{5438014F-5389-462A-88A1-E84923A79DA2}.Debug|Mixed Platforms.ActiveCfg = Debug|x86
		{5438014F-5389-462A-88A1-E84923A79DA2}.Debug|x86.ActiveCfg = Debug|x86
		{5438014F-5389-462A-88A1-E84923A79DA2}.Debug|Xbox 360.ActiveCfg = Debug|x86
		{5438014F-5389-462A-88A1-E84923A79DA2}.Debug|Zune.ActiveCfg = Debug|x86
		{5438014F-5389-462A-88A1-E84923A79DA2}.Release|Any CPU.ActiveCfg = Release|x86
		{5438014F-5389-462A-88A1-E84923A79DA2}.Release|Mixed Platforms.ActiveCfg = Release|x86
		{5438014F-5389-462A-88A1-E84923A79DA2}.Release|x86.ActiveCfg = Release|x86
		{5438014F-5389-462A-88A1-E84923A79DA2}.Release|Xbox 360.ActiveCfg = Release|x86
		{5438014F-5389-462A-88A1-E84923A79DA2}.Release|Zune.ActiveCfg = Release|x86
		{5438014F-5389-462A-88A1-E84923A79DA2}.ReleaseWithStatistics|Any CPU.ActiveCfg = Release|x86
		{5438014F-5389-462A-88A1-E84923A79DA2}.ReleaseWithStatistics|Mixed Platforms.ActiveCfg = Release|x86
		{5438014F-5389-462A-88A1-E84923A79DA2}.ReleaseWithStatistics|x86.ActiveCfg = Release|x86
		{5438014F-5389-462A-88A1-E84923A79DA2}.ReleaseWithStatistics|Xbox 360.ActiveCfg = Release|x86
		{5438014F-5389-462A-88A1-E84923A79DA2}.ReleaseWithStatistics|Zune.ActiveCfg = Release|x86
	EndGlobalSection
	GlobalSection(SolutionProperties) = preSolution
		HideSolutionNode = FALSE
	EndGlobalSection
	GlobalSection(NestedProjects) = preSolution
		{95B40504-C1C2-4FCD-98B3-B63AD35D6336} = {1E2EEEF5-F1E1-4481-BDDE-D61996768B87}
		{2DD04EAC-929E-4D41-83DA-0B5FA3811B32} = {1E2EEEF5-F1E1-4481-BDDE-D61996768B87}
		{87B7CA30-F7DE-41EE-BA60-4337DFEE1735} = {1E2EEEF5-F1E1-4481-BDDE-D61996768B87}
		{1E3FDDBD-A15F-42CF-A83E-754476079B30} = {1E2EEEF5-F1E1-4481-BDDE-D61996768B87}
		{BA202214-F6F8-4853-BCC9-CA4F13C5F479} = {1E2EEEF5-F1E1-4481-BDDE-D61996768B87}
		{639AD71D-71A9-41A2-BBFF-AED645948999} = {1E2EEEF5-F1E1-4481-BDDE-D61996768B87}
		{5B759C4B-0780-44F6-8E95-EAAA0E17B278} = {1E2EEEF5-F1E1-4481-BDDE-D61996768B87}
	EndGlobalSection
EndGlobal
