
Microsoft Visual Studio Solution File, Format Version 10.00
# Visual Studio 2008
Project("{FAE04EC0-301F-11D3-BF4B-00C04F79EFBC}") = "UnitTestLibrary", "UnitTestLibrary\UnitTestLibrary.csproj", "{C969DA2B-1052-433A-BC9C-E9ABC1DC0517}"
	ProjectSection(ProjectDependencies) = postProject
		{BA202214-F6F8-4853-BCC9-CA4F13C5F479} = {BA202214-F6F8-4853-BCC9-CA4F13C5F479}
		{338528D9-252F-4C56-A7C4-F69EEED869EE} = {338528D9-252F-4C56-A7C4-F69EEED869EE}
	EndProjectSection
EndProject
Project("{FAE04EC0-301F-11D3-BF4B-00C04F79EFBC}") = "FreneticGame", "FreneticGame\FreneticGame.csproj", "{338528D9-252F-4C56-A7C4-F69EEED869EE}"
EndProject
Project("{FAE04EC0-301F-11D3-BF4B-00C04F79EFBC}") = "Lidgren.Network", "..\lidgren-network-read-only\Lidgren.Network\Lidgren.Network.csproj", "{BA202214-F6F8-4853-BCC9-CA4F13C5F479}"
EndProject
Global
	GlobalSection(SolutionConfigurationPlatforms) = preSolution
		Debug|Any CPU = Debug|Any CPU
		Debug|Mixed Platforms = Debug|Mixed Platforms
		Debug|x86 = Debug|x86
		Release|Any CPU = Release|Any CPU
		Release|Mixed Platforms = Release|Mixed Platforms
		Release|x86 = Release|x86
	EndGlobalSection
	GlobalSection(ProjectConfigurationPlatforms) = postSolution
		{C969DA2B-1052-433A-BC9C-E9ABC1DC0517}.Debug|Any CPU.ActiveCfg = Debug|Any CPU
		{C969DA2B-1052-433A-BC9C-E9ABC1DC0517}.Debug|Any CPU.Build.0 = Debug|Any CPU
		{C969DA2B-1052-433A-BC9C-E9ABC1DC0517}.Debug|Mixed Platforms.ActiveCfg = Debug|Any CPU
		{C969DA2B-1052-433A-BC9C-E9ABC1DC0517}.Debug|Mixed Platforms.Build.0 = Debug|Any CPU
		{C969DA2B-1052-433A-BC9C-E9ABC1DC0517}.Debug|x86.ActiveCfg = Debug|Any CPU
		{C969DA2B-1052-433A-BC9C-E9ABC1DC0517}.Debug|x86.Build.0 = Debug|Any CPU
		{C969DA2B-1052-433A-BC9C-E9ABC1DC0517}.Release|Any CPU.ActiveCfg = Release|Any CPU
		{C969DA2B-1052-433A-BC9C-E9ABC1DC0517}.Release|Any CPU.Build.0 = Release|Any CPU
		{C969DA2B-1052-433A-BC9C-E9ABC1DC0517}.Release|Mixed Platforms.ActiveCfg = Release|Any CPU
		{C969DA2B-1052-433A-BC9C-E9ABC1DC0517}.Release|Mixed Platforms.Build.0 = Release|Any CPU
		{C969DA2B-1052-433A-BC9C-E9ABC1DC0517}.Release|x86.ActiveCfg = Release|Any CPU
		{338528D9-252F-4C56-A7C4-F69EEED869EE}.Debug|Any CPU.ActiveCfg = Debug|x86
		{338528D9-252F-4C56-A7C4-F69EEED869EE}.Debug|Mixed Platforms.ActiveCfg = Debug|x86
		{338528D9-252F-4C56-A7C4-F69EEED869EE}.Debug|Mixed Platforms.Build.0 = Debug|x86
		{338528D9-252F-4C56-A7C4-F69EEED869EE}.Debug|x86.ActiveCfg = Debug|x86
		{338528D9-252F-4C56-A7C4-F69EEED869EE}.Debug|x86.Build.0 = Debug|x86
		{338528D9-252F-4C56-A7C4-F69EEED869EE}.Release|Any CPU.ActiveCfg = Release|x86
		{338528D9-252F-4C56-A7C4-F69EEED869EE}.Release|Mixed Platforms.ActiveCfg = Release|x86
		{338528D9-252F-4C56-A7C4-F69EEED869EE}.Release|Mixed Platforms.Build.0 = Release|x86
		{338528D9-252F-4C56-A7C4-F69EEED869EE}.Release|x86.ActiveCfg = Release|x86
		{338528D9-252F-4C56-A7C4-F69EEED869EE}.Release|x86.Build.0 = Release|x86
		{BA202214-F6F8-4853-BCC9-CA4F13C5F479}.Debug|Any CPU.ActiveCfg = Debug|Any CPU
		{BA202214-F6F8-4853-BCC9-CA4F13C5F479}.Debug|Any CPU.Build.0 = Debug|Any CPU
		{BA202214-F6F8-4853-BCC9-CA4F13C5F479}.Debug|Mixed Platforms.ActiveCfg = Debug|Any CPU
		{BA202214-F6F8-4853-BCC9-CA4F13C5F479}.Debug|Mixed Platforms.Build.0 = Debug|Any CPU
		{BA202214-F6F8-4853-BCC9-CA4F13C5F479}.Debug|x86.ActiveCfg = Debug|Any CPU
		{BA202214-F6F8-4853-BCC9-CA4F13C5F479}.Release|Any CPU.ActiveCfg = Release|Any CPU
		{BA202214-F6F8-4853-BCC9-CA4F13C5F479}.Release|Any CPU.Build.0 = Release|Any CPU
		{BA202214-F6F8-4853-BCC9-CA4F13C5F479}.Release|Mixed Platforms.ActiveCfg = Release|Any CPU
		{BA202214-F6F8-4853-BCC9-CA4F13C5F479}.Release|Mixed Platforms.Build.0 = Release|Any CPU
		{BA202214-F6F8-4853-BCC9-CA4F13C5F479}.Release|x86.ActiveCfg = Release|Any CPU
		{3084BD35-EE33-43AE-BB59-C0BB335AC73A}.Debug|Any CPU.ActiveCfg = Debug|x86
		{3084BD35-EE33-43AE-BB59-C0BB335AC73A}.Debug|Mixed Platforms.ActiveCfg = Debug|x86
		{3084BD35-EE33-43AE-BB59-C0BB335AC73A}.Debug|x86.ActiveCfg = Debug|x86
		{3084BD35-EE33-43AE-BB59-C0BB335AC73A}.Release|Any CPU.ActiveCfg = Release|x86
		{3084BD35-EE33-43AE-BB59-C0BB335AC73A}.Release|Mixed Platforms.ActiveCfg = Release|x86
		{3084BD35-EE33-43AE-BB59-C0BB335AC73A}.Release|x86.ActiveCfg = Release|x86
	EndGlobalSection
	GlobalSection(SolutionProperties) = preSolution
		HideSolutionNode = FALSE
	EndGlobalSection
EndGlobal
